
Microsoft Visual Studio Solution File, Format Version 12.00
# Visual Studio Version 16
VisualStudioVersion = 25.0.1705.0
MinimumVisualStudioVersion = 10.0.40219.1
Project("{FAE04EC0-301F-11D3-BF4B-00C04F79EFBC}") = "Example.Automapper.API", "Example.Automapper.API\Example.Automapper.API.csproj", "{120F9CF9-FA07-447A-8B98-3FEDB148A65E}"
EndProject
Project("{FAE04EC0-301F-11D3-BF4B-00C04F79EFBC}") = "Example.Automapper.Data", "Example.Automapper.Data\Example.Automapper.Data.csproj", "{E0CFD88B-AF70-4805-BEAF-3D9508C8ECDA}"
EndProject
Project("{FAE04EC0-301F-11D3-BF4B-00C04F79EFBC}") = "Example.Automapper.Domain", "Example.Automapper.Domain\Example.Automapper.Domain.csproj", "{3271CD0D-B2D8-476E-AFA3-3A8190932932}"
EndProject
Global
	GlobalSection(SolutionConfigurationPlatforms) = preSolution
		Debug|Any CPU = Debug|Any CPU
		Release|Any CPU = Release|Any CPU
	EndGlobalSection
	GlobalSection(ProjectConfigurationPlatforms) = postSolution
		{120F9CF9-FA07-447A-8B98-3FEDB148A65E}.Debug|Any CPU.ActiveCfg = Debug|Any CPU
		{120F9CF9-FA07-447A-8B98-3FEDB148A65E}.Debug|Any CPU.Build.0 = Debug|Any CPU
		{120F9CF9-FA07-447A-8B98-3FEDB148A65E}.Release|Any CPU.ActiveCfg = Release|Any CPU
		{120F9CF9-FA07-447A-8B98-3FEDB148A65E}.Release|Any CPU.Build.0 = Release|Any CPU
		{E0CFD88B-AF70-4805-BEAF-3D9508C8ECDA}.Debug|Any CPU.ActiveCfg = Debug|Any CPU
		{E0CFD88B-AF70-4805-BEAF-3D9508C8ECDA}.Debug|Any CPU.Build.0 = Debug|Any CPU
		{E0CFD88B-AF70-4805-BEAF-3D9508C8ECDA}.Release|Any CPU.ActiveCfg = Release|Any CPU
		{E0CFD88B-AF70-4805-BEAF-3D9508C8ECDA}.Release|Any CPU.Build.0 = Release|Any CPU
		{3271CD0D-B2D8-476E-AFA3-3A8190932932}.Debug|Any CPU.ActiveCfg = Debug|Any CPU
		{3271CD0D-B2D8-476E-AFA3-3A8190932932}.Debug|Any CPU.Build.0 = Debug|Any CPU
		{3271CD0D-B2D8-476E-AFA3-3A8190932932}.Release|Any CPU.ActiveCfg = Release|Any CPU
		{3271CD0D-B2D8-476E-AFA3-3A8190932932}.Release|Any CPU.Build.0 = Release|Any CPU
	EndGlobalSection
	GlobalSection(SolutionProperties) = preSolution
		HideSolutionNode = FALSE
	EndGlobalSection
	GlobalSection(ExtensibilityGlobals) = postSolution
		SolutionGuid = {F6B7AF53-B0D0-4FC3-9EAD-F3250426CEF1}
	EndGlobalSection
EndGlobal
